
Microsoft Visual Studio Solution File, Format Version 12.00
Project("{FAE04EC0-301F-11D3-BF4B-00C04F79EFBC}") = "Module2Review", "Module2Review\Module2Review.csproj", "{D5F884FD-158E-409F-8F4B-C31169984D80}"
EndProject
Global
	GlobalSection(SolutionConfigurationPlatforms) = preSolution
		Debug|Any CPU = Debug|Any CPU
		Release|Any CPU = Release|Any CPU
	EndGlobalSection
	GlobalSection(ProjectConfigurationPlatforms) = postSolution
		{D5F884FD-158E-409F-8F4B-C31169984D80}.Debug|Any CPU.ActiveCfg = Debug|Any CPU
		{D5F884FD-158E-409F-8F4B-C31169984D80}.Debug|Any CPU.Build.0 = Debug|Any CPU
		{D5F884FD-158E-409F-8F4B-C31169984D80}.Release|Any CPU.ActiveCfg = Release|Any CPU
		{D5F884FD-158E-409F-8F4B-C31169984D80}.Release|Any CPU.Build.0 = Release|Any CPU
	EndGlobalSection
EndGlobal
